{
    "_readme": [
        "This file locks the dependencies of your project to a known state",
        "Read more about it at https://getcomposer.org/doc/01-basic-usage.md#installing-dependencies",
        "This file is @generated automatically"
    ],
    "content-hash": "3345d8197bc4c71126319add49a357dc",
    "packages": [
        {
            "name": "ksoftm/console",
            "version": "0.1.1",
            "source": {
                "type": "git",
                "url": "https://github.com/KsoftM/console.git",
                "reference": "8f3372e07a06355272bcc249c2e72de705775299"
            },
            "dist": {
                "type": "zip",
                "url": "https://api.github.com/repos/KsoftM/console/zipball/8f3372e07a06355272bcc249c2e72de705775299",
                "reference": "8f3372e07a06355272bcc249c2e72de705775299",
                "shasum": ""
            },
            "require": {
                "php": "^8.0"
            },
            "type": "library",
            "autoload": {
                "psr-4": {
                    "ksoftm\\console\\": "src/"
                }
            },
            "notification-url": "https://packagist.org/downloads/",
            "license": [
                "MIT"
            ],
            "authors": [
                {
                    "name": "KsoftM",
                    "email": "ksoftmanagement@gmail.com"
                }
            ],
            "description": "command line interface for php in development.",
            "support": {
                "issues": "https://github.com/KsoftM/console/issues",
                "source": "https://github.com/KsoftM/console/tree/v0.1.1"
            },
            "time": "2021-12-03T14:24:35+00:00"
        },
        {
            "name": "ksoftm/mini-data",
            "version": "0.1.21",
            "source": {
                "type": "git",
                "url": "https://github.com/KsoftM/MiniData.git",
                "reference": "c003ecc655e94c8fe6650832ab5badf7318c87dd"
            },
            "dist": {
                "type": "zip",
                "url": "https://api.github.com/repos/KsoftM/MiniData/zipball/c003ecc655e94c8fe6650832ab5badf7318c87dd",
                "reference": "c003ecc655e94c8fe6650832ab5badf7318c87dd",
                "shasum": ""
            },
            "require": {
                "ksoftm/utility": "^0.1.21",
                "php": "^8.0"
            },
            "type": "library",
            "autoload": {
                "psr-4": {
                    "ksoftm\\system\\": "./src"
                }
            },
            "notification-url": "https://packagist.org/downloads/",
            "license": [
                "MIT"
            ],
            "authors": [
                {
                    "name": "KsoftM",
                    "email": "ksoftmanagement@gmail.com"
                }
            ],
            "description": "content database easily",
            "support": {
                "issues": "https://github.com/KsoftM/MiniData/issues",
                "source": "https://github.com/KsoftM/MiniData/tree/v0.1.21"
            },
            "time": "2021-10-17T12:47:41+00:00"
        },
        {
            "name": "ksoftm/mvc",
            "version": "0.1.23",
            "source": {
                "type": "git",
                "url": "https://github.com/KsoftM/mvc.git",
                "reference": "1f7cc76eb07ea923a35e4c1b297dab4bcc319a2d"
            },
            "dist": {
                "type": "zip",
                "url": "https://api.github.com/repos/KsoftM/mvc/zipball/1f7cc76eb07ea923a35e4c1b297dab4bcc319a2d",
                "reference": "1f7cc76eb07ea923a35e4c1b297dab4bcc319a2d",
                "shasum": ""
            },
            "require": {
                "ksoftm/mini-data": "^0.1.21",
                "ksoftm/routing-system": "^0.1.23",
                "ksoftm/utility": "^0.1.21",
                "php": "^8.0"
            },
            "type": "library",
            "autoload": {
                "files": [
                    "./src/helper.php"
                ],
                "psr-4": {
                    "ksoftm\\system\\": "src/"
                }
            },
            "notification-url": "https://packagist.org/downloads/",
            "license": [
                "MIT"
            ],
            "authors": [
                {
                    "name": "KsoftM",
                    "email": "ksoftmanagement@gmail.com"
                }
            ],
            "description": "Basic mvc implementation.",
            "support": {
                "issues": "https://github.com/KsoftM/mvc/issues",
                "source": "https://github.com/KsoftM/mvc/tree/v0.1.23"
            },
            "time": "2021-10-25T07:38:26+00:00"
        },
        {
            "name": "ksoftm/routing-system",
            "version": "0.1.23",
            "source": {
                "type": "git",
                "url": "https://github.com/KsoftM/RoutingSystem.git",
                "reference": "d9d0ffb995b22b4cc71d23f684aae1662d62fcf4"
            },
            "dist": {
                "type": "zip",
                "url": "https://api.github.com/repos/KsoftM/RoutingSystem/zipball/d9d0ffb995b22b4cc71d23f684aae1662d62fcf4",
                "reference": "d9d0ffb995b22b4cc71d23f684aae1662d62fcf4",
                "shasum": ""
            },
            "require": {
                "ksoftm/utility": "^0.1.23",
                "php": "^8.0"
            },
            "type": "library",
            "autoload": {
                "files": [
                    "./src/helper.php"
                ],
                "psr-4": {
                    "ksoftm\\system\\": "./src"
                }
            },
            "notification-url": "https://packagist.org/downloads/",
            "license": [
                "MIT"
            ],
            "authors": [
                {
                    "name": "KsoftM",
                    "email": "ksoftmanagement@gmail.com"
                }
            ],
            "description": "Routing system for PHP projects.",
            "support": {
                "issues": "https://github.com/KsoftM/RoutingSystem/issues",
                "source": "https://github.com/KsoftM/RoutingSystem/tree/v0.1.23"
            },
            "time": "2021-10-25T07:36:43+00:00"
        },
        {
            "name": "ksoftm/utility",
            "version": "0.1.24",
            "source": {
                "type": "git",
                "url": "https://github.com/KsoftM/Utility.git",
                "reference": "5c4300f8ac46d2a1adecb0d2ec7242c967d2fde7"
            },
            "dist": {
                "type": "zip",
                "url": "https://api.github.com/repos/KsoftM/Utility/zipball/5c4300f8ac46d2a1adecb0d2ec7242c967d2fde7",
                "reference": "5c4300f8ac46d2a1adecb0d2ec7242c967d2fde7",
                "shasum": ""
            },
            "require": {
                "php": "^8.0"
            },
            "type": "library",
            "autoload": {
                "psr-4": {
                    "ksoftm\\system\\": "./src"
                }
            },
            "notification-url": "https://packagist.org/downloads/",
            "license": [
                "MIT"
            ],
            "authors": [
                {
                    "name": "KsoftM",
                    "email": "ksoftmanagement@gmail.com"
                }
            ],
            "description": "Some utility helpers for PHP.",
            "support": {
                "issues": "https://github.com/KsoftM/Utility/issues",
                "source": "https://github.com/KsoftM/Utility/tree/v0.1.24"
            },
            "time": "2021-12-04T06:42:12+00:00"
        }
    ],
    "packages-dev": [],
    "aliases": [],
    "minimum-stability": "stable",
    "stability-flags": [],
    "prefer-stable": false,
    "prefer-lowest": false,
    "platform": {
        "php": "^8.0"
    },
    "platform-dev": [],
    "plugin-api-version": "2.1.0"
}
