{
    "_readme": [
        "This file locks the dependencies of your project to a known state",
        "Read more about it at https://getcomposer.org/doc/01-basic-usage.md#installing-dependencies",
        "This file is @generated automatically"
    ],
    "content-hash": "f9199e0deead3568f4ac49272ee41ee7",
    "packages": [
        {
            "name": "ksoftm/console",
            "version": "0.1.1",
            "dist": {
                "type": "path",
                "url": "../../ati_project/console",
                "reference": "472023e58a2a76e38d91184485c0c68c504af0d0"
            },
            "require": {
                "php": "^8.0"
            },
            "type": "library",
            "autoload": {
                "psr-4": {
                    "ksoftm\\console\\": "src/"
                }
            },
            "autoload-dev": {
                "psr-4": {
                    "ksoftm\\console\\test\\": "test/"
                }
            },
            "license": [
                "MIT"
            ],
            "authors": [
                {
                    "name": "KsoftM",
                    "email": "ksoftmanagement@gmail.com"
                }
            ],
            "description": "command line interface for php in development.",
            "transport-options": {
                "relative": true
            }
        },
        {
            "name": "ksoftm/mini-data",
            "version": "0.1.22",
            "dist": {
                "type": "path",
                "url": "../../ati_project/MiniData",
                "reference": "905c8bda47cf142ce8df6ec3dda304f2df280af0"
            },
            "require": {
                "ksoftm/utility": "^0.1.26",
                "php": "^8.0"
            },
            "type": "library",
            "autoload": {
                "psr-4": {
                    "ksoftm\\system\\": "./src"
                }
            },
            "license": [
                "MIT"
            ],
            "authors": [
                {
                    "name": "KsoftM",
                    "email": "ksoftmanagement@gmail.com"
                }
            ],
            "description": "content database easily",
            "transport-options": {
                "relative": true
            }
        },
        {
            "name": "ksoftm/mvc",
            "version": "0.1.24",
            "dist": {
                "type": "path",
                "url": "../../ati_project/mvc",
                "reference": "2497dbc089ba78230b5506ecdf107ed9ceb6ab9e"
            },
            "require": {
                "ksoftm/mini-data": "^0.1.22",
                "ksoftm/routing-system": "^0.1.24",
                "ksoftm/utility": "^0.1.27",
                "php": "^8.0"
            },
            "type": "library",
            "autoload": {
                "files": [
                    "./src/helper.php"
                ],
                "psr-4": {
                    "ksoftm\\system\\": "src/"
                }
            },
            "license": [
                "MIT"
            ],
            "authors": [
                {
                    "name": "KsoftM",
                    "email": "ksoftmanagement@gmail.com"
                }
            ],
            "description": "Basic mvc implementation.",
            "transport-options": {
                "relative": true
            }
        },
        {
            "name": "ksoftm/routing-system",
            "version": "0.1.24",
            "dist": {
                "type": "path",
                "url": "../../ati_project/RoutingSystem",
                "reference": "ebaf09d19bc2ecce0667bd49cfc1e9de2744fd36"
            },
            "require": {
                "ksoftm/utility": "^0.1.27",
                "php": "^8.0"
            },
            "type": "library",
            "autoload": {
                "files": [
                    "./src/helper.php"
                ],
                "psr-4": {
                    "ksoftm\\system\\": "./src"
                }
            },
            "license": [
                "MIT"
            ],
            "authors": [
                {
                    "name": "KsoftM",
                    "email": "ksoftmanagement@gmail.com"
                }
            ],
            "description": "Routing system for PHP projects.",
            "transport-options": {
                "relative": true
            }
        },
        {
            "name": "ksoftm/utility",
            "version": "0.1.27",
            "dist": {
                "type": "path",
                "url": "../../ati_project/Utility",
                "reference": "e45ef58a154a502317dcdd29e7b6db4248419a76"
            },
            "require": {
                "php": "^8.0"
            },
            "type": "library",
            "autoload": {
                "psr-4": {
                    "ksoftm\\system\\": "./src"
                }
            },
            "license": [
                "MIT"
            ],
            "authors": [
                {
                    "name": "KsoftM",
                    "email": "ksoftmanagement@gmail.com"
                }
            ],
            "description": "Some utility helpers for PHP.",
            "transport-options": {
                "relative": true
            }
        }
    ],
    "packages-dev": [],
    "aliases": [],
    "minimum-stability": "dev",
    "stability-flags": [],
    "prefer-stable": false,
    "prefer-lowest": false,
    "platform": {
        "php": "^8.0"
    },
    "platform-dev": [],
    "plugin-api-version": "2.1.0"
}
