{
    "_readme": [
        "This file locks the dependencies of your project to a known state",
        "Read more about it at https://getcomposer.org/doc/01-basic-usage.md#installing-dependencies",
        "This file is @generated automatically"
    ],
    "content-hash": "8b1caac2725f4a61624f9f552e4ef32e",
    "packages": [
        {
            "name": "ksoftm/mini-data",
            "version": "0.1.17",
            "source": {
                "type": "git",
                "url": "https://github.com/KsoftM/MiniData.git",
                "reference": "b5fd0bb8cfe60e00dc3d3c362196a29b98553c8c"
            },
            "dist": {
                "type": "zip",
                "url": "https://api.github.com/repos/KsoftM/MiniData/zipball/b5fd0bb8cfe60e00dc3d3c362196a29b98553c8c",
                "reference": "b5fd0bb8cfe60e00dc3d3c362196a29b98553c8c",
                "shasum": ""
            },
            "require": {
                "ksoftm/utility": "^0.1.17",
                "php": "^8.0"
            },
            "type": "library",
            "autoload": {
                "psr-4": {
                    "ksoftm\\system\\": "./src"
                }
            },
            "notification-url": "https://packagist.org/downloads/",
            "license": [
                "MIT"
            ],
            "authors": [
                {
                    "name": "KsoftM",
                    "email": "ksoftmanagement@gmail.com"
                }
            ],
            "description": "content database easily",
            "support": {
                "issues": "https://github.com/KsoftM/MiniData/issues",
                "source": "https://github.com/KsoftM/MiniData/tree/v0.1.17"
            },
            "time": "2021-10-16T05:47:28+00:00"
        },
        {
            "name": "ksoftm/mvc",
            "version": "0.1.17",
            "source": {
                "type": "git",
                "url": "https://github.com/KsoftM/mvc.git",
                "reference": "77acf51f057e52a7155de143d6961cd7f72ec9c3"
            },
            "dist": {
                "type": "zip",
                "url": "https://api.github.com/repos/KsoftM/mvc/zipball/77acf51f057e52a7155de143d6961cd7f72ec9c3",
                "reference": "77acf51f057e52a7155de143d6961cd7f72ec9c3",
                "shasum": ""
            },
            "require": {
                "ksoftm/mini-data": "^0.1.17",
                "ksoftm/routing-system": "^0.1.17",
                "ksoftm/utility": "^0.1.17",
                "php": "^8.0"
            },
            "type": "library",
            "autoload": {
                "files": [
                    "./src/helper.php"
                ],
                "psr-4": {
                    "ksoftm\\system\\": "src/"
                }
            },
            "notification-url": "https://packagist.org/downloads/",
            "license": [
                "MIT"
            ],
            "authors": [
                {
                    "name": "KsoftM",
                    "email": "ksoftmanagement@gmail.com"
                }
            ],
            "description": "Basic mvc implementation.",
            "support": {
                "issues": "https://github.com/KsoftM/mvc/issues",
                "source": "https://github.com/KsoftM/mvc/tree/v0.1.17"
            },
            "time": "2021-10-16T05:46:52+00:00"
        },
        {
            "name": "ksoftm/routing-system",
            "version": "0.1.17",
            "source": {
                "type": "git",
                "url": "https://github.com/KsoftM/RoutingSystem.git",
                "reference": "e07270ef4df247056a13d772a5b849b5b45e7878"
            },
            "dist": {
                "type": "zip",
                "url": "https://api.github.com/repos/KsoftM/RoutingSystem/zipball/e07270ef4df247056a13d772a5b849b5b45e7878",
                "reference": "e07270ef4df247056a13d772a5b849b5b45e7878",
                "shasum": ""
            },
            "require": {
                "ksoftm/utility": "^0.1.17",
                "php": "^8.0"
            },
            "type": "library",
            "autoload": {
                "files": [
                    "./src/helper.php"
                ],
                "psr-4": {
                    "ksoftm\\system\\": "./src"
                }
            },
            "notification-url": "https://packagist.org/downloads/",
            "license": [
                "MIT"
            ],
            "authors": [
                {
                    "name": "KsoftM",
                    "email": "ksoftmanagement@gmail.com"
                }
            ],
            "description": "Routing system for PHP projects.",
            "support": {
                "issues": "https://github.com/KsoftM/RoutingSystem/issues",
                "source": "https://github.com/KsoftM/RoutingSystem/tree/v0.1.17"
            },
            "time": "2021-10-16T05:46:15+00:00"
        },
        {
            "name": "ksoftm/utility",
            "version": "0.1.17",
            "source": {
                "type": "git",
                "url": "https://github.com/KsoftM/Utility.git",
                "reference": "973b7c1307bf657ebad90abb112977ef10143969"
            },
            "dist": {
                "type": "zip",
                "url": "https://api.github.com/repos/KsoftM/Utility/zipball/973b7c1307bf657ebad90abb112977ef10143969",
                "reference": "973b7c1307bf657ebad90abb112977ef10143969",
                "shasum": ""
            },
            "require": {
                "php": "^8.0"
            },
            "type": "library",
            "autoload": {
                "psr-4": {
                    "ksoftm\\system\\": "./src"
                }
            },
            "notification-url": "https://packagist.org/downloads/",
            "license": [
                "MIT"
            ],
            "authors": [
                {
                    "name": "KsoftM",
                    "email": "ksoftmanagement@gmail.com"
                }
            ],
            "description": "Some utility helpers for PHP.",
            "support": {
                "issues": "https://github.com/KsoftM/Utility/issues",
                "source": "https://github.com/KsoftM/Utility/tree/v0.1.17"
            },
            "time": "2021-10-16T05:43:28+00:00"
        }
    ],
    "packages-dev": [],
    "aliases": [],
    "minimum-stability": "dev",
    "stability-flags": [],
    "prefer-stable": false,
    "prefer-lowest": false,
    "platform": {
        "php": "^8.0"
    },
    "platform-dev": [],
    "plugin-api-version": "2.1.0"
}
